
Microsoft Visual Studio Solution File, Format Version 12.00
# Visual Studio Version 17
VisualStudioVersion = 17.3.32825.248
MinimumVisualStudioVersion = 10.0.40219.1
Project("{9A19103F-16F7-4668-BE54-9A1E7A4F7556}") = "vicuna-core-lib", "vicuna-ddd\vicuna-core-lib.csproj", "{5CBD758A-BADE-4AB7-9890-4DA5F149854E}"
EndProject
Project("{9A19103F-16F7-4668-BE54-9A1E7A4F7556}") = "vicuna-core-lib-test", "vicuna-core-lib-test\vicuna-core-lib-test.csproj", "{2FEC2396-0626-4252-8FB1-BAECB2B11988}"
EndProject
Project("{9A19103F-16F7-4668-BE54-9A1E7A4F7556}") = "com.scprojekt.port.util", "com.scprojekt.port.util\com.scprojekt.port.util.csproj", "{754DBA62-1D9E-4C4C-9021-465C42FD3A02}"
EndProject
Project("{9A19103F-16F7-4668-BE54-9A1E7A4F7556}") = "Test.com.scprojekt.port.util", "Test.com.scprojekt.port.util\Test.com.scprojekt.port.util.csproj", "{FD7197C1-1000-4AC5-B128-21994FC4F7DE}"
EndProject
Project("{2150E333-8FDC-42A3-9474-1A3956D46DE8}") = "Solution Items", "Solution Items", "{C6796B51-017B-472C-81E1-5EFCEEFD6C9B}"
	ProjectSection(SolutionItems) = preProject
		.editorconfig = .editorconfig
	EndProjectSection
EndProject
Project("{9A19103F-16F7-4668-BE54-9A1E7A4F7556}") = "vicuna-infra", "vicuna-infra\vicuna-infra.csproj", "{E793CB35-6601-4ECF-91FF-173753D254C8}"
EndProject
Project("{9A19103F-16F7-4668-BE54-9A1E7A4F7556}") = "vicuna-infra-test", "vicuna-infra-test\vicuna-infra-test.csproj", "{1A3F005F-E0FA-4543-B4C9-4451E60678D0}"
EndProject
Project("{E53339B2-1760-4266-BCC7-CA923CBCF16C}") = "docker-compose", "docker-compose.dcproj", "{171A43FD-05F9-44AC-AE53-190B776F4B80}"
EndProject
Global
	GlobalSection(SolutionConfigurationPlatforms) = preSolution
		Debug|Any CPU = Debug|Any CPU
		Release|Any CPU = Release|Any CPU
	EndGlobalSection
	GlobalSection(ProjectConfigurationPlatforms) = postSolution
		{5CBD758A-BADE-4AB7-9890-4DA5F149854E}.Debug|Any CPU.ActiveCfg = Debug|Any CPU
		{5CBD758A-BADE-4AB7-9890-4DA5F149854E}.Debug|Any CPU.Build.0 = Debug|Any CPU
		{5CBD758A-BADE-4AB7-9890-4DA5F149854E}.Release|Any CPU.ActiveCfg = Release|Any CPU
		{5CBD758A-BADE-4AB7-9890-4DA5F149854E}.Release|Any CPU.Build.0 = Release|Any CPU
		{2FEC2396-0626-4252-8FB1-BAECB2B11988}.Debug|Any CPU.ActiveCfg = Debug|Any CPU
		{2FEC2396-0626-4252-8FB1-BAECB2B11988}.Debug|Any CPU.Build.0 = Debug|Any CPU
		{2FEC2396-0626-4252-8FB1-BAECB2B11988}.Release|Any CPU.ActiveCfg = Release|Any CPU
		{2FEC2396-0626-4252-8FB1-BAECB2B11988}.Release|Any CPU.Build.0 = Release|Any CPU
		{754DBA62-1D9E-4C4C-9021-465C42FD3A02}.Debug|Any CPU.ActiveCfg = Debug|Any CPU
		{754DBA62-1D9E-4C4C-9021-465C42FD3A02}.Debug|Any CPU.Build.0 = Debug|Any CPU
		{754DBA62-1D9E-4C4C-9021-465C42FD3A02}.Release|Any CPU.ActiveCfg = Release|Any CPU
		{754DBA62-1D9E-4C4C-9021-465C42FD3A02}.Release|Any CPU.Build.0 = Release|Any CPU
		{FD7197C1-1000-4AC5-B128-21994FC4F7DE}.Debug|Any CPU.ActiveCfg = Debug|Any CPU
		{FD7197C1-1000-4AC5-B128-21994FC4F7DE}.Debug|Any CPU.Build.0 = Debug|Any CPU
		{FD7197C1-1000-4AC5-B128-21994FC4F7DE}.Release|Any CPU.ActiveCfg = Release|Any CPU
		{FD7197C1-1000-4AC5-B128-21994FC4F7DE}.Release|Any CPU.Build.0 = Release|Any CPU
		{E793CB35-6601-4ECF-91FF-173753D254C8}.Debug|Any CPU.ActiveCfg = Debug|Any CPU
		{E793CB35-6601-4ECF-91FF-173753D254C8}.Debug|Any CPU.Build.0 = Debug|Any CPU
		{E793CB35-6601-4ECF-91FF-173753D254C8}.Release|Any CPU.ActiveCfg = Release|Any CPU
		{E793CB35-6601-4ECF-91FF-173753D254C8}.Release|Any CPU.Build.0 = Release|Any CPU
		{1A3F005F-E0FA-4543-B4C9-4451E60678D0}.Debug|Any CPU.ActiveCfg = Debug|Any CPU
		{1A3F005F-E0FA-4543-B4C9-4451E60678D0}.Debug|Any CPU.Build.0 = Debug|Any CPU
		{1A3F005F-E0FA-4543-B4C9-4451E60678D0}.Release|Any CPU.ActiveCfg = Release|Any CPU
		{1A3F005F-E0FA-4543-B4C9-4451E60678D0}.Release|Any CPU.Build.0 = Release|Any CPU
		{171A43FD-05F9-44AC-AE53-190B776F4B80}.Debug|Any CPU.ActiveCfg = Debug|Any CPU
		{171A43FD-05F9-44AC-AE53-190B776F4B80}.Debug|Any CPU.Build.0 = Debug|Any CPU
		{171A43FD-05F9-44AC-AE53-190B776F4B80}.Release|Any CPU.ActiveCfg = Release|Any CPU
		{171A43FD-05F9-44AC-AE53-190B776F4B80}.Release|Any CPU.Build.0 = Release|Any CPU
	EndGlobalSection
	GlobalSection(SolutionProperties) = preSolution
		HideSolutionNode = FALSE
	EndGlobalSection
	GlobalSection(ExtensibilityGlobals) = postSolution
		SolutionGuid = {095E124F-9CEF-4267-944D-CEFBA299FBC9}
	EndGlobalSection
EndGlobal
